
Microsoft Visual Studio Solution File, Format Version 12.00
# Visual Studio Version 17
VisualStudioVersion = 17.3.32929.385
MinimumVisualStudioVersion = 10.0.40219.1
Project("{9A19103F-16F7-4668-BE54-9A1E7A4F7556}") = "PlanForHoliday", "PlanForHoliday\PlanForHoliday.csproj", "{BA2E58D9-D905-465E-A973-355765D286E7}"
EndProject
Project("{9A19103F-16F7-4668-BE54-9A1E7A4F7556}") = "DataAccessLayer", "DataAccessLayer\DataAccessLayer.csproj", "{D12727E6-1503-474B-A7ED-0C4E89819E7C}"
EndProject
Project("{9A19103F-16F7-4668-BE54-9A1E7A4F7556}") = "HotelWebApi", "HotelWebApi\HotelWebApi.csproj", "{A83845F3-59EA-4251-9E21-F6B604334AC1}"
EndProject
Project("{FAE04EC0-301F-11D3-BF4B-00C04F79EFBC}") = "RoomWebApi", "RoomWebApi\RoomWebApi.csproj", "{07330FB5-0FC1-421E-B2E4-6CB0088DB87B}"
EndProject
Global
	GlobalSection(SolutionConfigurationPlatforms) = preSolution
		Debug|Any CPU = Debug|Any CPU
		Release|Any CPU = Release|Any CPU
	EndGlobalSection
	GlobalSection(ProjectConfigurationPlatforms) = postSolution
		{BA2E58D9-D905-465E-A973-355765D286E7}.Debug|Any CPU.ActiveCfg = Debug|Any CPU
		{BA2E58D9-D905-465E-A973-355765D286E7}.Debug|Any CPU.Build.0 = Debug|Any CPU
		{BA2E58D9-D905-465E-A973-355765D286E7}.Release|Any CPU.ActiveCfg = Release|Any CPU
		{BA2E58D9-D905-465E-A973-355765D286E7}.Release|Any CPU.Build.0 = Release|Any CPU
		{D12727E6-1503-474B-A7ED-0C4E89819E7C}.Debug|Any CPU.ActiveCfg = Debug|Any CPU
		{D12727E6-1503-474B-A7ED-0C4E89819E7C}.Debug|Any CPU.Build.0 = Debug|Any CPU
		{D12727E6-1503-474B-A7ED-0C4E89819E7C}.Release|Any CPU.ActiveCfg = Release|Any CPU
		{D12727E6-1503-474B-A7ED-0C4E89819E7C}.Release|Any CPU.Build.0 = Release|Any CPU
		{A83845F3-59EA-4251-9E21-F6B604334AC1}.Debug|Any CPU.ActiveCfg = Debug|Any CPU
		{A83845F3-59EA-4251-9E21-F6B604334AC1}.Debug|Any CPU.Build.0 = Debug|Any CPU
		{A83845F3-59EA-4251-9E21-F6B604334AC1}.Release|Any CPU.ActiveCfg = Release|Any CPU
		{A83845F3-59EA-4251-9E21-F6B604334AC1}.Release|Any CPU.Build.0 = Release|Any CPU
		{07330FB5-0FC1-421E-B2E4-6CB0088DB87B}.Debug|Any CPU.ActiveCfg = Debug|Any CPU
		{07330FB5-0FC1-421E-B2E4-6CB0088DB87B}.Debug|Any CPU.Build.0 = Debug|Any CPU
		{07330FB5-0FC1-421E-B2E4-6CB0088DB87B}.Release|Any CPU.ActiveCfg = Release|Any CPU
		{07330FB5-0FC1-421E-B2E4-6CB0088DB87B}.Release|Any CPU.Build.0 = Release|Any CPU
	EndGlobalSection
	GlobalSection(SolutionProperties) = preSolution
		HideSolutionNode = FALSE
	EndGlobalSection
	GlobalSection(ExtensibilityGlobals) = postSolution
		SolutionGuid = {C2002063-79B7-4E1D-982C-74722E854AF8}
	EndGlobalSection
EndGlobal
